
Microsoft Visual Studio Solution File, Format Version 12.00
# Visual Studio Version 16
VisualStudioVersion = 16.0.29209.62
MinimumVisualStudioVersion = 10.0.40219.1
Project("{FAE04EC0-301F-11D3-BF4B-00C04F79EFBC}") = "Dk.Dwarf.Example", "Dk.Dwarf.Example.csproj", "{AB022371-769F-4E06-8853-DB322A84A8A4}"
EndProject
Project("{FAE04EC0-301F-11D3-BF4B-00C04F79EFBC}") = "Dk.Dwarf.Example.BusinessLayer", "..\Dk.Dwarf.Example.BusinessLayer\Dk.Dwarf.Example.BusinessLayer.csproj", "{25FACE6E-B641-4CF0-B851-CC4E5616916E}"
EndProject
Global
	GlobalSection(SolutionConfigurationPlatforms) = preSolution
		Debug|Any CPU = Debug|Any CPU
		Release|Any CPU = Release|Any CPU
	EndGlobalSection
	GlobalSection(ProjectConfigurationPlatforms) = postSolution
		{AB022371-769F-4E06-8853-DB322A84A8A4}.Debug|Any CPU.ActiveCfg = Debug|Any CPU
		{AB022371-769F-4E06-8853-DB322A84A8A4}.Debug|Any CPU.Build.0 = Debug|Any CPU
		{AB022371-769F-4E06-8853-DB322A84A8A4}.Release|Any CPU.ActiveCfg = Release|Any CPU
		{AB022371-769F-4E06-8853-DB322A84A8A4}.Release|Any CPU.Build.0 = Release|Any CPU
		{25FACE6E-B641-4CF0-B851-CC4E5616916E}.Debug|Any CPU.ActiveCfg = Debug|Any CPU
		{25FACE6E-B641-4CF0-B851-CC4E5616916E}.Debug|Any CPU.Build.0 = Debug|Any CPU
		{25FACE6E-B641-4CF0-B851-CC4E5616916E}.Release|Any CPU.ActiveCfg = Release|Any CPU
		{25FACE6E-B641-4CF0-B851-CC4E5616916E}.Release|Any CPU.Build.0 = Release|Any CPU
	EndGlobalSection
	GlobalSection(SolutionProperties) = preSolution
		HideSolutionNode = FALSE
	EndGlobalSection
	GlobalSection(ExtensibilityGlobals) = postSolution
		SolutionGuid = {4E9F86C8-1532-4DA9-9EE6-1EB71898CB9F}
	EndGlobalSection
EndGlobal
